{
  "name": "Canadian IPTV Player",
  "version": "1.0.0",
  "description": "Legal Canadian IPTV player with EPG guide and IPTV-org integration",
  "main": "server.js",
  "author": "PapiceFlomo26",
  "license": "MIT",
  "repository": {
    "type": "git",
    "url": "https://github.com/PapiceFlomo26/CanadianIPTVPlayer.git"
  },
  "keywords": [
    "iptv",
    "canadian",
    "epg",
    "tv-guide",
    "streaming",
    "legal",
    "iptv-org",
    "m3u",
    "playlist",
    "tv",
    "channels",
    "broadcasting"
  ],
  "homepage": "https://github.com/PapiceFlomo26/CanadianIPTVPlayer"
}
